
Microsoft Visual Studio Solution File, Format Version 12.00
# Visual Studio Version 16
VisualStudioVersion = 16.0.30114.105
MinimumVisualStudioVersion = 10.0.40219.1
Project("{FAE04EC0-301F-11D3-BF4B-00C04F79EFBC}") = "Libplanet.Unity", "Libplanet.Unity\Libplanet.Unity.csproj", "{AAC2F46B-E399-457C-9A1F-03EE1A57F09F}"
EndProject
Project("{2150E333-8FDC-42A3-9474-1A3956D46DE8}") = "libplanet", "libplanet", "{595998BD-CCEA-44DA-B348-EC54192B0739}"
EndProject
Project("{FAE04EC0-301F-11D3-BF4B-00C04F79EFBC}") = "Libplanet", "libplanet\Libplanet\Libplanet.csproj", "{8502E208-CF80-4AC7-838E-D6433EEDA628}"
EndProject
Project("{FAE04EC0-301F-11D3-BF4B-00C04F79EFBC}") = "Libplanet.Net", "libplanet\Libplanet.Net\Libplanet.Net.csproj", "{9B1CD7CC-707C-47D5-8C60-2D0AC299948C}"
EndProject
Project("{FAE04EC0-301F-11D3-BF4B-00C04F79EFBC}") = "Libplanet.Node", "libplanet\Libplanet.Node\Libplanet.Node.csproj", "{779B19D7-8568-4162-BA8E-902ADE0157D0}"
EndProject
Project("{FAE04EC0-301F-11D3-BF4B-00C04F79EFBC}") = "Libplanet.Stun", "libplanet\Libplanet.Stun\Libplanet.Stun.csproj", "{F1BCB842-EBB0-4B00-A97C-6F2D5887436B}"
EndProject
Project("{FAE04EC0-301F-11D3-BF4B-00C04F79EFBC}") = "Libplanet.RocksDBStore", "libplanet\Libplanet.RocksDBStore\Libplanet.RocksDBStore.csproj", "{954CDC3B-01EC-4B45-AA5C-7FE59C6AEEAE}"
EndProject
Global
	GlobalSection(SolutionConfigurationPlatforms) = preSolution
		Debug|Any CPU = Debug|Any CPU
		Release|Any CPU = Release|Any CPU
	EndGlobalSection
	GlobalSection(SolutionProperties) = preSolution
		HideSolutionNode = FALSE
	EndGlobalSection
	GlobalSection(ProjectConfigurationPlatforms) = postSolution
		{AAC2F46B-E399-457C-9A1F-03EE1A57F09F}.Debug|Any CPU.ActiveCfg = Debug|Any CPU
		{AAC2F46B-E399-457C-9A1F-03EE1A57F09F}.Debug|Any CPU.Build.0 = Debug|Any CPU
		{AAC2F46B-E399-457C-9A1F-03EE1A57F09F}.Release|Any CPU.ActiveCfg = Release|Any CPU
		{AAC2F46B-E399-457C-9A1F-03EE1A57F09F}.Release|Any CPU.Build.0 = Release|Any CPU
		{8502E208-CF80-4AC7-838E-D6433EEDA628}.Debug|Any CPU.ActiveCfg = Debug|Any CPU
		{8502E208-CF80-4AC7-838E-D6433EEDA628}.Debug|Any CPU.Build.0 = Debug|Any CPU
		{8502E208-CF80-4AC7-838E-D6433EEDA628}.Release|Any CPU.ActiveCfg = Release|Any CPU
		{8502E208-CF80-4AC7-838E-D6433EEDA628}.Release|Any CPU.Build.0 = Release|Any CPU
		{9B1CD7CC-707C-47D5-8C60-2D0AC299948C}.Debug|Any CPU.ActiveCfg = Debug|Any CPU
		{9B1CD7CC-707C-47D5-8C60-2D0AC299948C}.Debug|Any CPU.Build.0 = Debug|Any CPU
		{9B1CD7CC-707C-47D5-8C60-2D0AC299948C}.Release|Any CPU.ActiveCfg = Release|Any CPU
		{9B1CD7CC-707C-47D5-8C60-2D0AC299948C}.Release|Any CPU.Build.0 = Release|Any CPU
		{779B19D7-8568-4162-BA8E-902ADE0157D0}.Debug|Any CPU.ActiveCfg = Debug|Any CPU
		{779B19D7-8568-4162-BA8E-902ADE0157D0}.Debug|Any CPU.Build.0 = Debug|Any CPU
		{779B19D7-8568-4162-BA8E-902ADE0157D0}.Release|Any CPU.ActiveCfg = Release|Any CPU
		{779B19D7-8568-4162-BA8E-902ADE0157D0}.Release|Any CPU.Build.0 = Release|Any CPU
		{F1BCB842-EBB0-4B00-A97C-6F2D5887436B}.Debug|Any CPU.ActiveCfg = Debug|Any CPU
		{F1BCB842-EBB0-4B00-A97C-6F2D5887436B}.Debug|Any CPU.Build.0 = Debug|Any CPU
		{F1BCB842-EBB0-4B00-A97C-6F2D5887436B}.Release|Any CPU.ActiveCfg = Release|Any CPU
		{F1BCB842-EBB0-4B00-A97C-6F2D5887436B}.Release|Any CPU.Build.0 = Release|Any CPU
		{954CDC3B-01EC-4B45-AA5C-7FE59C6AEEAE}.Debug|Any CPU.ActiveCfg = Debug|Any CPU
		{954CDC3B-01EC-4B45-AA5C-7FE59C6AEEAE}.Debug|Any CPU.Build.0 = Debug|Any CPU
		{954CDC3B-01EC-4B45-AA5C-7FE59C6AEEAE}.Release|Any CPU.ActiveCfg = Release|Any CPU
		{954CDC3B-01EC-4B45-AA5C-7FE59C6AEEAE}.Release|Any CPU.Build.0 = Release|Any CPU
	EndGlobalSection
	GlobalSection(NestedProjects) = preSolution
		{8502E208-CF80-4AC7-838E-D6433EEDA628} = {595998BD-CCEA-44DA-B348-EC54192B0739}
		{9B1CD7CC-707C-47D5-8C60-2D0AC299948C} = {595998BD-CCEA-44DA-B348-EC54192B0739}
		{779B19D7-8568-4162-BA8E-902ADE0157D0} = {595998BD-CCEA-44DA-B348-EC54192B0739}
		{F1BCB842-EBB0-4B00-A97C-6F2D5887436B} = {595998BD-CCEA-44DA-B348-EC54192B0739}
		{954CDC3B-01EC-4B45-AA5C-7FE59C6AEEAE} = {595998BD-CCEA-44DA-B348-EC54192B0739}
	EndGlobalSection
EndGlobal
